
Microsoft Visual Studio Solution File, Format Version 12.00
# Visual Studio Version 17
VisualStudioVersion = 17.8.34322.80
MinimumVisualStudioVersion = 10.0.40219.1
Project("{FAE04EC0-301F-11D3-BF4B-00C04F79EFBC}") = "Polymorphism lab and more exersice", "Polymorphism lab and more exersice\Polymorphism lab and more exersice.csproj", "{61CF3351-0782-4A2C-8C4C-4945546C5E21}"
EndProject
Project("{FAE04EC0-301F-11D3-BF4B-00C04F79EFBC}") = "Animals", "Animals\Animals.csproj", "{C80FDAC1-83F9-4970-8A89-7EFD38E6816E}"
EndProject
Project("{FAE04EC0-301F-11D3-BF4B-00C04F79EFBC}") = "Shapes", "Shapes\Shapes.csproj", "{260BAFE3-BD14-4D06-B4AA-C1B64854F061}"
EndProject
Global
	GlobalSection(SolutionConfigurationPlatforms) = preSolution
		Debug|Any CPU = Debug|Any CPU
		Release|Any CPU = Release|Any CPU
	EndGlobalSection
	GlobalSection(ProjectConfigurationPlatforms) = postSolution
		{61CF3351-0782-4A2C-8C4C-4945546C5E21}.Debug|Any CPU.ActiveCfg = Debug|Any CPU
		{61CF3351-0782-4A2C-8C4C-4945546C5E21}.Debug|Any CPU.Build.0 = Debug|Any CPU
		{61CF3351-0782-4A2C-8C4C-4945546C5E21}.Release|Any CPU.ActiveCfg = Release|Any CPU
		{61CF3351-0782-4A2C-8C4C-4945546C5E21}.Release|Any CPU.Build.0 = Release|Any CPU
		{C80FDAC1-83F9-4970-8A89-7EFD38E6816E}.Debug|Any CPU.ActiveCfg = Debug|Any CPU
		{C80FDAC1-83F9-4970-8A89-7EFD38E6816E}.Debug|Any CPU.Build.0 = Debug|Any CPU
		{C80FDAC1-83F9-4970-8A89-7EFD38E6816E}.Release|Any CPU.ActiveCfg = Release|Any CPU
		{C80FDAC1-83F9-4970-8A89-7EFD38E6816E}.Release|Any CPU.Build.0 = Release|Any CPU
		{260BAFE3-BD14-4D06-B4AA-C1B64854F061}.Debug|Any CPU.ActiveCfg = Debug|Any CPU
		{260BAFE3-BD14-4D06-B4AA-C1B64854F061}.Debug|Any CPU.Build.0 = Debug|Any CPU
		{260BAFE3-BD14-4D06-B4AA-C1B64854F061}.Release|Any CPU.ActiveCfg = Release|Any CPU
		{260BAFE3-BD14-4D06-B4AA-C1B64854F061}.Release|Any CPU.Build.0 = Release|Any CPU
	EndGlobalSection
	GlobalSection(SolutionProperties) = preSolution
		HideSolutionNode = FALSE
	EndGlobalSection
	GlobalSection(ExtensibilityGlobals) = postSolution
		SolutionGuid = {7E1A0EC0-CD52-4301-AF82-AF5A7A9DDF3E}
	EndGlobalSection
EndGlobal
